
Microsoft Visual Studio Solution File, Format Version 12.00
# Visual Studio Version 17
VisualStudioVersion = 17.11.35303.130
MinimumVisualStudioVersion = 10.0.40219.1
Project("{8BC9CEB8-8B4A-11D0-8D11-00A0C91BC942}") = "lab5.1", "lab5.1.vcxproj", "{24E7BE3F-D8D5-4F53-B24E-EA450C230A71}"
EndProject
Global
	GlobalSection(SolutionConfigurationPlatforms) = preSolution
		Debug|x64 = Debug|x64
		Debug|x86 = Debug|x86
		Release|x64 = Release|x64
		Release|x86 = Release|x86
	EndGlobalSection
	GlobalSection(ProjectConfigurationPlatforms) = postSolution
		{24E7BE3F-D8D5-4F53-B24E-EA450C230A71}.Debug|x64.ActiveCfg = Debug|x64
		{24E7BE3F-D8D5-4F53-B24E-EA450C230A71}.Debug|x64.Build.0 = Debug|x64
		{24E7BE3F-D8D5-4F53-B24E-EA450C230A71}.Debug|x86.ActiveCfg = Debug|Win32
		{24E7BE3F-D8D5-4F53-B24E-EA450C230A71}.Debug|x86.Build.0 = Debug|Win32
		{24E7BE3F-D8D5-4F53-B24E-EA450C230A71}.Release|x64.ActiveCfg = Release|x64
		{24E7BE3F-D8D5-4F53-B24E-EA450C230A71}.Release|x64.Build.0 = Release|x64
		{24E7BE3F-D8D5-4F53-B24E-EA450C230A71}.Release|x86.ActiveCfg = Release|Win32
		{24E7BE3F-D8D5-4F53-B24E-EA450C230A71}.Release|x86.Build.0 = Release|Win32
	EndGlobalSection
	GlobalSection(SolutionProperties) = preSolution
		HideSolutionNode = FALSE
	EndGlobalSection
	GlobalSection(ExtensibilityGlobals) = postSolution
		SolutionGuid = {4FF62775-6E32-4B87-86F5-6B2C9C39E9BE}
	EndGlobalSection
EndGlobal
